Microsoft Visual Studio Solution File, Format Version 12.00
# Visual Studio Version 17
VisualStudioVersion = 17.10.35004.147
MinimumVisualStudioVersion = 16.0.0.0
Project("{9A19103F-16F7-4668-BE54-9A1E7A4F7556}") = "BlazorIntAuto", "BlazorIntAuto\BlazorIntAuto.csproj", "{CFBC880C-F12C-4911-9371-8975DFEED523}"
EndProject
Project("{9A19103F-16F7-4668-BE54-9A1E7A4F7556}") = "BlazorIntAuto.Client", "BlazorIntAuto.Client\BlazorIntAuto.Client.csproj", "{B4F8D0BD-C5BF-4EBF-BD25-206744B2CEF6}"
EndProject
Global
	GlobalSection(SolutionConfigurationPlatforms) = preSolution
		Debug|Any CPU = Debug|Any CPU
		Debug|x64 = Debug|x64
		Debug|x86 = Debug|x86
		Release|Any CPU = Release|Any CPU
		Release|x64 = Release|x64
		Release|x86 = Release|x86
	EndGlobalSection
	GlobalSection(ProjectConfigurationPlatforms) = postSolution
		{CFBC880C-F12C-4911-9371-8975DFEED523}.Debug|Any CPU.ActiveCfg = Debug|Any CPU
		{CFBC880C-F12C-4911-9371-8975DFEED523}.Debug|Any CPU.Build.0 = Debug|Any CPU
		{CFBC880C-F12C-4911-9371-8975DFEED523}.Debug|x64.ActiveCfg = Debug|Any CPU
		{CFBC880C-F12C-4911-9371-8975DFEED523}.Debug|x64.Build.0 = Debug|Any CPU
		{CFBC880C-F12C-4911-9371-8975DFEED523}.Debug|x86.ActiveCfg = Debug|Any CPU
		{CFBC880C-F12C-4911-9371-8975DFEED523}.Debug|x86.Build.0 = Debug|Any CPU
		{CFBC880C-F12C-4911-9371-8975DFEED523}.Release|Any CPU.ActiveCfg = Release|Any CPU
		{CFBC880C-F12C-4911-9371-8975DFEED523}.Release|Any CPU.Build.0 = Release|Any CPU
		{CFBC880C-F12C-4911-9371-8975DFEED523}.Release|x64.ActiveCfg = Release|Any CPU
		{CFBC880C-F12C-4911-9371-8975DFEED523}.Release|x64.Build.0 = Release|Any CPU
		{CFBC880C-F12C-4911-9371-8975DFEED523}.Release|x86.ActiveCfg = Release|Any CPU
		{CFBC880C-F12C-4911-9371-8975DFEED523}.Release|x86.Build.0 = Release|Any CPU
		{B4F8D0BD-C5BF-4EBF-BD25-206744B2CEF6}.Debug|Any CPU.ActiveCfg = Debug|Any CPU
		{B4F8D0BD-C5BF-4EBF-BD25-206744B2CEF6}.Debug|Any CPU.Build.0 = Debug|Any CPU
		{B4F8D0BD-C5BF-4EBF-BD25-206744B2CEF6}.Debug|x64.ActiveCfg = Debug|Any CPU
		{B4F8D0BD-C5BF-4EBF-BD25-206744B2CEF6}.Debug|x64.Build.0 = Debug|Any CPU
		{B4F8D0BD-C5BF-4EBF-BD25-206744B2CEF6}.Debug|x86.ActiveCfg = Debug|Any CPU
		{B4F8D0BD-C5BF-4EBF-BD25-206744B2CEF6}.Debug|x86.Build.0 = Debug|Any CPU
		{B4F8D0BD-C5BF-4EBF-BD25-206744B2CEF6}.Release|Any CPU.ActiveCfg = Release|Any CPU
		{B4F8D0BD-C5BF-4EBF-BD25-206744B2CEF6}.Release|Any CPU.Build.0 = Release|Any CPU
		{B4F8D0BD-C5BF-4EBF-BD25-206744B2CEF6}.Release|x64.ActiveCfg = Release|Any CPU
		{B4F8D0BD-C5BF-4EBF-BD25-206744B2CEF6}.Release|x64.Build.0 = Release|Any CPU
		{B4F8D0BD-C5BF-4EBF-BD25-206744B2CEF6}.Release|x86.ActiveCfg = Release|Any CPU
		{B4F8D0BD-C5BF-4EBF-BD25-206744B2CEF6}.Release|x86.Build.0 = Release|Any CPU
	EndGlobalSection
	GlobalSection(SolutionProperties) = preSolution
		HideSolutionNode = FALSE
	EndGlobalSection
	GlobalSection(ExtensibilityGlobals) = postSolution
		SolutionGuid = {E66ED548-C7B3-4B13-89CD-7C3AA2875393}
	EndGlobalSection
EndGlobal
